
Microsoft Visual Studio Solution File, Format Version 12.00
# Visual Studio Version 17
VisualStudioVersion = 17.13.35931.197 d17.13
MinimumVisualStudioVersion = 10.0.40219.1
Project("{FAE04EC0-301F-11D3-BF4B-00C04F79EFBC}") = "fudge.api", "fudge.api.csproj", "{5263331C-5CFC-4C00-95BA-6BF8C7FB06F9}"
EndProject
Global
	GlobalSection(SolutionConfigurationPlatforms) = preSolution
		Debug|Any CPU = Debug|Any CPU
		Release|Any CPU = Release|Any CPU
	EndGlobalSection
	GlobalSection(ProjectConfigurationPlatforms) = postSolution
		{5263331C-5CFC-4C00-95BA-6BF8C7FB06F9}.Debug|Any CPU.ActiveCfg = Debug|Any CPU
		{5263331C-5CFC-4C00-95BA-6BF8C7FB06F9}.Debug|Any CPU.Build.0 = Debug|Any CPU
		{5263331C-5CFC-4C00-95BA-6BF8C7FB06F9}.Release|Any CPU.ActiveCfg = Release|Any CPU
		{5263331C-5CFC-4C00-95BA-6BF8C7FB06F9}.Release|Any CPU.Build.0 = Release|Any CPU
	EndGlobalSection
	GlobalSection(SolutionProperties) = preSolution
		HideSolutionNode = FALSE
	EndGlobalSection
	GlobalSection(ExtensibilityGlobals) = postSolution
		SolutionGuid = {CBD9E8C0-4D98-4286-864D-783BA20021D5}
	EndGlobalSection
EndGlobal
